
Microsoft Visual Studio Solution File, Format Version 12.00
# Visual Studio Version 17
VisualStudioVersion = 17.4.33122.133
MinimumVisualStudioVersion = 10.0.40219.1
Project("{9A19103F-16F7-4668-BE54-9A1E7A4F7556}") = "IdentityPractice", "IdentityPractice.csproj", "{B589A062-E806-4C23-A18B-2FCD1E909107}"
EndProject
Project("{9A19103F-16F7-4668-BE54-9A1E7A4F7556}") = "Domain", "..\Domain\Domain.csproj", "{2E55D82A-F501-4C2B-A591-562076595F12}"
EndProject
Project("{9A19103F-16F7-4668-BE54-9A1E7A4F7556}") = "Infrastructure", "..\Infrastructure\Infrastructure.csproj", "{C550EFD6-CBA2-4FBB-B288-93516043C5B6}"
EndProject
Project("{9A19103F-16F7-4668-BE54-9A1E7A4F7556}") = "Application", "..\Application\Application.csproj", "{50D3968E-4E84-4D84-BAFF-AFC1E03998EC}"
EndProject
Global
	GlobalSection(SolutionConfigurationPlatforms) = preSolution
		Debug|Any CPU = Debug|Any CPU
		Release|Any CPU = Release|Any CPU
	EndGlobalSection
	GlobalSection(ProjectConfigurationPlatforms) = postSolution
		{B589A062-E806-4C23-A18B-2FCD1E909107}.Debug|Any CPU.ActiveCfg = Debug|Any CPU
		{B589A062-E806-4C23-A18B-2FCD1E909107}.Debug|Any CPU.Build.0 = Debug|Any CPU
		{B589A062-E806-4C23-A18B-2FCD1E909107}.Release|Any CPU.ActiveCfg = Release|Any CPU
		{B589A062-E806-4C23-A18B-2FCD1E909107}.Release|Any CPU.Build.0 = Release|Any CPU
		{2E55D82A-F501-4C2B-A591-562076595F12}.Debug|Any CPU.ActiveCfg = Debug|Any CPU
		{2E55D82A-F501-4C2B-A591-562076595F12}.Debug|Any CPU.Build.0 = Debug|Any CPU
		{2E55D82A-F501-4C2B-A591-562076595F12}.Release|Any CPU.ActiveCfg = Release|Any CPU
		{2E55D82A-F501-4C2B-A591-562076595F12}.Release|Any CPU.Build.0 = Release|Any CPU
		{C550EFD6-CBA2-4FBB-B288-93516043C5B6}.Debug|Any CPU.ActiveCfg = Debug|Any CPU
		{C550EFD6-CBA2-4FBB-B288-93516043C5B6}.Debug|Any CPU.Build.0 = Debug|Any CPU
		{C550EFD6-CBA2-4FBB-B288-93516043C5B6}.Release|Any CPU.ActiveCfg = Release|Any CPU
		{C550EFD6-CBA2-4FBB-B288-93516043C5B6}.Release|Any CPU.Build.0 = Release|Any CPU
		{50D3968E-4E84-4D84-BAFF-AFC1E03998EC}.Debug|Any CPU.ActiveCfg = Debug|Any CPU
		{50D3968E-4E84-4D84-BAFF-AFC1E03998EC}.Debug|Any CPU.Build.0 = Debug|Any CPU
		{50D3968E-4E84-4D84-BAFF-AFC1E03998EC}.Release|Any CPU.ActiveCfg = Release|Any CPU
		{50D3968E-4E84-4D84-BAFF-AFC1E03998EC}.Release|Any CPU.Build.0 = Release|Any CPU
	EndGlobalSection
	GlobalSection(SolutionProperties) = preSolution
		HideSolutionNode = FALSE
	EndGlobalSection
	GlobalSection(ExtensibilityGlobals) = postSolution
		SolutionGuid = {77BF10BC-3DDF-429B-987C-8107A4D08F2B}
	EndGlobalSection
EndGlobal
